{
  "name": "searchdata_saas",
  "lockfileVersion": 2,
  "requires": true,
  "packages": {
    "": {
      "dependencies": {
        "react-csv-reader": "^3.3.1"
      }
    },
    "node_modules/@types/node": {
      "version": "16.9.6",
      "resolved": "https://registry.npmjs.org/@types/node/-/node-16.9.6.tgz",
      "integrity": "sha512-YHUZhBOMTM3mjFkXVcK+WwAcYmyhe1wL4lfqNtzI0b3qAy7yuSetnM7QJazgE5PFmgVTNGiLOgRFfJMqW7XpSQ=="
    },
    "node_modules/@types/papaparse": {
      "version": "5.2.6",
      "resolved": "https://registry.npmjs.org/@types/papaparse/-/papaparse-5.2.6.tgz",
      "integrity": "sha512-xGKSd0UTn58N1h0+zf8mW863Rv8BvXcGibEgKFtBIXZlcDXAmX/T4RdDO2mwmrmOypUDt5vRgo2v32a78JdqUA==",
      "dependencies": {
        "@types/node": "*"
      }
    },
    "node_modules/papaparse": {
      "version": "5.3.1",
      "resolved": "https://registry.npmjs.org/papaparse/-/papaparse-5.3.1.tgz",
      "integrity": "sha512-Dbt2yjLJrCwH2sRqKFFJaN5XgIASO9YOFeFP8rIBRG2Ain8mqk5r1M6DkfvqEVozVcz3r3HaUGw253hA1nLIcA=="
    },
    "node_modules/react-csv-reader": {
      "version": "3.3.1",
      "resolved": "https://registry.npmjs.org/react-csv-reader/-/react-csv-reader-3.3.1.tgz",
      "integrity": "sha512-O59+221Uyq+kZMXSs5FSnWBhh0bNBhflEUgqH1TtHosCuGfSDdt9rBgOarxXtXIJXgezgOSjXtWZJpEsUBIkJA==",
      "dependencies": {
        "@types/papaparse": "^5.2.4",
        "papaparse": "^5.3.0"
      }
    }
  },
  "dependencies": {
    "@types/node": {
      "version": "16.9.6",
      "resolved": "https://registry.npmjs.org/@types/node/-/node-16.9.6.tgz",
      "integrity": "sha512-YHUZhBOMTM3mjFkXVcK+WwAcYmyhe1wL4lfqNtzI0b3qAy7yuSetnM7QJazgE5PFmgVTNGiLOgRFfJMqW7XpSQ=="
    },
    "@types/papaparse": {
      "version": "5.2.6",
      "resolved": "https://registry.npmjs.org/@types/papaparse/-/papaparse-5.2.6.tgz",
      "integrity": "sha512-xGKSd0UTn58N1h0+zf8mW863Rv8BvXcGibEgKFtBIXZlcDXAmX/T4RdDO2mwmrmOypUDt5vRgo2v32a78JdqUA==",
      "requires": {
        "@types/node": "*"
      }
    },
    "papaparse": {
      "version": "5.3.1",
      "resolved": "https://registry.npmjs.org/papaparse/-/papaparse-5.3.1.tgz",
      "integrity": "sha512-Dbt2yjLJrCwH2sRqKFFJaN5XgIASO9YOFeFP8rIBRG2Ain8mqk5r1M6DkfvqEVozVcz3r3HaUGw253hA1nLIcA=="
    },
    "react-csv-reader": {
      "version": "3.3.1",
      "resolved": "https://registry.npmjs.org/react-csv-reader/-/react-csv-reader-3.3.1.tgz",
      "integrity": "sha512-O59+221Uyq+kZMXSs5FSnWBhh0bNBhflEUgqH1TtHosCuGfSDdt9rBgOarxXtXIJXgezgOSjXtWZJpEsUBIkJA==",
      "requires": {
        "@types/papaparse": "^5.2.4",
        "papaparse": "^5.3.0"
      }
    }
  }
}
